{
  "object": {
    "pins": [
      {
        "package": "CLibpq",
        "repositoryURL": "https://github.com/IBM-Swift/CLibpq.git",
        "state": {
          "branch": null,
          "revision": "20421e0c7890a2a9b1515eb1321ebcd76ad7231f",
          "version": "0.1.2"
        }
      },
      {
        "package": "LoggerAPI",
        "repositoryURL": "https://github.com/IBM-Swift/LoggerAPI.git",
        "state": {
          "branch": null,
          "revision": "5041f2673aa75d6e973d9b6bd3956bc5068387c8",
          "version": "1.7.3"
        }
      },
      {
        "package": "SwiftKuery",
        "repositoryURL": "https://github.com/IBM-Swift/Swift-Kuery.git",
        "state": {
          "branch": null,
          "revision": "de890f1eb5e483961dcaf806467cb2770399efa1",
          "version": "2.0.0"
        }
      },
      {
        "package": "SwiftKueryPostgreSQL",
        "repositoryURL": "https://github.com/IBM-Swift/Swift-Kuery-PostgreSQL.git",
        "state": {
          "branch": null,
          "revision": "3892fee6c51827298c7df3805a92e3120125e68d",
          "version": "1.2.0"
        }
      },
      {
        "package": "SwiftPM",
        "repositoryURL": "https://github.com/apple/swift-package-manager.git",
        "state": {
          "branch": null,
          "revision": "235aacc514cb81a6881364b0fedcb3dd083228f3",
          "version": "0.3.0"
        }
      },
      {
        "package": "Then",
        "repositoryURL": "https://github.com/sdrpa/Then",
        "state": {
          "branch": null,
          "revision": "591c6928339ef85c7835b9049f992670eb1964e5",
          "version": "4.1.2"
        }
      },
      {
        "package": "Yaml",
        "repositoryURL": "https://github.com/behrang/YamlSwift.git",
        "state": {
          "branch": null,
          "revision": "978901aed4025e36ebf60c040c9000c559d7c3e0",
          "version": "3.4.3"
        }
      }
    ]
  },
  "version": 1
}
